# vial.lock — Generated by Velith. Do not edit by hand.
version = 1

[[dependency]]
name = "stdlib"
path = "/Users/lmcgrath/workspace/velith-2/vials/stdlib"

[[dependency]]
name = "vicra"
path = "/Users/lmcgrath/workspace/velith-2/vials/vicra"

[[dependency]]
name = "vicra-template"
path = "/Users/lmcgrath/workspace/velith-2/vials/vicra-template"
